
Microsoft Visual Studio Solution File, Format Version 12.00
# Visual Studio Version 16
VisualStudioVersion = 16.0.32126.315
MinimumVisualStudioVersion = 10.0.40219.1
Project("{9A19103F-16F7-4668-BE54-9A1E7A4F7556}") = "Donguler", "Donguler\Donguler.csproj", "{CA49E880-A10B-4786-A1C7-694992F86986}"
EndProject
Project("{9A19103F-16F7-4668-BE54-9A1E7A4F7556}") = "ClassIntro", "ClassIntro\ClassIntro.csproj", "{28BF90AE-240A-41A3-BA69-FA7ACFDB78E8}"
EndProject
Project("{9A19103F-16F7-4668-BE54-9A1E7A4F7556}") = "Metotlar", "Metotlar\Metotlar.csproj", "{5C5E8BC7-6190-47CD-A7F6-F02BE905CBB5}"
EndProject
Project("{9A19103F-16F7-4668-BE54-9A1E7A4F7556}") = "Matematik", "Matematik\Matematik.csproj", "{4FBA6C4D-1726-4AF6-BFA9-93C62DA5B85B}"
EndProject
Project("{9A19103F-16F7-4668-BE54-9A1E7A4F7556}") = "DegerVeReferansTipler", "DegerVeReferansTipler\DegerVeReferansTipler.csproj", "{BAA7F23B-62A3-4B29-8ADA-572509DE1E3E}"
EndProject
Project("{9A19103F-16F7-4668-BE54-9A1E7A4F7556}") = "OOP1", "OOP1\OOP1.csproj", "{2A800FB9-510D-4C5B-8E2C-2F68789327E5}"
EndProject
Project("{9A19103F-16F7-4668-BE54-9A1E7A4F7556}") = "Koleksiyonlar", "Koleksiyonlar\Koleksiyonlar.csproj", "{6DEEA441-3035-46A3-AFAD-EE378810B2C9}"
EndProject
Project("{9A19103F-16F7-4668-BE54-9A1E7A4F7556}") = "GenericsIntro", "GenericsIntro\GenericsIntro.csproj", "{F8E10B21-9744-46ED-BCC5-8C7E4AA86A02}"
EndProject
Project("{FAE04EC0-301F-11D3-BF4B-00C04F79EFBC}") = "Kampİntro", "Kampİntro\Kampİntro.csproj", "{07926088-2570-4FEF-B94E-577377324FA8}"
EndProject
Global
	GlobalSection(SolutionConfigurationPlatforms) = preSolution
		Debug|Any CPU = Debug|Any CPU
		Release|Any CPU = Release|Any CPU
	EndGlobalSection
	GlobalSection(ProjectConfigurationPlatforms) = postSolution
		{CA49E880-A10B-4786-A1C7-694992F86986}.Debug|Any CPU.ActiveCfg = Debug|Any CPU
		{CA49E880-A10B-4786-A1C7-694992F86986}.Debug|Any CPU.Build.0 = Debug|Any CPU
		{CA49E880-A10B-4786-A1C7-694992F86986}.Release|Any CPU.ActiveCfg = Release|Any CPU
		{CA49E880-A10B-4786-A1C7-694992F86986}.Release|Any CPU.Build.0 = Release|Any CPU
		{28BF90AE-240A-41A3-BA69-FA7ACFDB78E8}.Debug|Any CPU.ActiveCfg = Debug|Any CPU
		{28BF90AE-240A-41A3-BA69-FA7ACFDB78E8}.Debug|Any CPU.Build.0 = Debug|Any CPU
		{28BF90AE-240A-41A3-BA69-FA7ACFDB78E8}.Release|Any CPU.ActiveCfg = Release|Any CPU
		{28BF90AE-240A-41A3-BA69-FA7ACFDB78E8}.Release|Any CPU.Build.0 = Release|Any CPU
		{5C5E8BC7-6190-47CD-A7F6-F02BE905CBB5}.Debug|Any CPU.ActiveCfg = Debug|Any CPU
		{5C5E8BC7-6190-47CD-A7F6-F02BE905CBB5}.Debug|Any CPU.Build.0 = Debug|Any CPU
		{5C5E8BC7-6190-47CD-A7F6-F02BE905CBB5}.Release|Any CPU.ActiveCfg = Release|Any CPU
		{5C5E8BC7-6190-47CD-A7F6-F02BE905CBB5}.Release|Any CPU.Build.0 = Release|Any CPU
		{4FBA6C4D-1726-4AF6-BFA9-93C62DA5B85B}.Debug|Any CPU.ActiveCfg = Debug|Any CPU
		{4FBA6C4D-1726-4AF6-BFA9-93C62DA5B85B}.Debug|Any CPU.Build.0 = Debug|Any CPU
		{4FBA6C4D-1726-4AF6-BFA9-93C62DA5B85B}.Release|Any CPU.ActiveCfg = Release|Any CPU
		{4FBA6C4D-1726-4AF6-BFA9-93C62DA5B85B}.Release|Any CPU.Build.0 = Release|Any CPU
		{BAA7F23B-62A3-4B29-8ADA-572509DE1E3E}.Debug|Any CPU.ActiveCfg = Debug|Any CPU
		{BAA7F23B-62A3-4B29-8ADA-572509DE1E3E}.Debug|Any CPU.Build.0 = Debug|Any CPU
		{BAA7F23B-62A3-4B29-8ADA-572509DE1E3E}.Release|Any CPU.ActiveCfg = Release|Any CPU
		{BAA7F23B-62A3-4B29-8ADA-572509DE1E3E}.Release|Any CPU.Build.0 = Release|Any CPU
		{2A800FB9-510D-4C5B-8E2C-2F68789327E5}.Debug|Any CPU.ActiveCfg = Debug|Any CPU
		{2A800FB9-510D-4C5B-8E2C-2F68789327E5}.Debug|Any CPU.Build.0 = Debug|Any CPU
		{2A800FB9-510D-4C5B-8E2C-2F68789327E5}.Release|Any CPU.ActiveCfg = Release|Any CPU
		{2A800FB9-510D-4C5B-8E2C-2F68789327E5}.Release|Any CPU.Build.0 = Release|Any CPU
		{6DEEA441-3035-46A3-AFAD-EE378810B2C9}.Debug|Any CPU.ActiveCfg = Debug|Any CPU
		{6DEEA441-3035-46A3-AFAD-EE378810B2C9}.Debug|Any CPU.Build.0 = Debug|Any CPU
		{6DEEA441-3035-46A3-AFAD-EE378810B2C9}.Release|Any CPU.ActiveCfg = Release|Any CPU
		{6DEEA441-3035-46A3-AFAD-EE378810B2C9}.Release|Any CPU.Build.0 = Release|Any CPU
		{F8E10B21-9744-46ED-BCC5-8C7E4AA86A02}.Debug|Any CPU.ActiveCfg = Debug|Any CPU
		{F8E10B21-9744-46ED-BCC5-8C7E4AA86A02}.Debug|Any CPU.Build.0 = Debug|Any CPU
		{F8E10B21-9744-46ED-BCC5-8C7E4AA86A02}.Release|Any CPU.ActiveCfg = Release|Any CPU
		{F8E10B21-9744-46ED-BCC5-8C7E4AA86A02}.Release|Any CPU.Build.0 = Release|Any CPU
		{07926088-2570-4FEF-B94E-577377324FA8}.Debug|Any CPU.ActiveCfg = Debug|Any CPU
		{07926088-2570-4FEF-B94E-577377324FA8}.Debug|Any CPU.Build.0 = Debug|Any CPU
		{07926088-2570-4FEF-B94E-577377324FA8}.Release|Any CPU.ActiveCfg = Release|Any CPU
		{07926088-2570-4FEF-B94E-577377324FA8}.Release|Any CPU.Build.0 = Release|Any CPU
	EndGlobalSection
	GlobalSection(SolutionProperties) = preSolution
		HideSolutionNode = FALSE
	EndGlobalSection
	GlobalSection(ExtensibilityGlobals) = postSolution
		SolutionGuid = {D308590A-D688-4245-989F-BEC28F0BB4A0}
	EndGlobalSection
EndGlobal
